
Microsoft Visual Studio Solution File, Format Version 12.00
# Visual Studio 15
VisualStudioVersion = 15.0.27130.2020
MinimumVisualStudioVersion = 10.0.40219.1
Project("{9A19103F-16F7-4668-BE54-9A1E7A4F7556}") = "WebApiCore", "WebApiCore\WebApiCore.csproj", "{724EBD22-59D2-4EFE-B3F5-1B83549C90E0}"
EndProject
Project("{FAE04EC0-301F-11D3-BF4B-00C04F79EFBC}") = "WebApiCore_Test", "WebApiCore_Test\WebApiCore_Test.csproj", "{F26F4792-1771-4E34-AF35-89AEC82FE7F7}"
EndProject
Global
	GlobalSection(SolutionConfigurationPlatforms) = preSolution
		Debug|Any CPU = Debug|Any CPU
		Release|Any CPU = Release|Any CPU
	EndGlobalSection
	GlobalSection(ProjectConfigurationPlatforms) = postSolution
		{724EBD22-59D2-4EFE-B3F5-1B83549C90E0}.Debug|Any CPU.ActiveCfg = Debug|Any CPU
		{724EBD22-59D2-4EFE-B3F5-1B83549C90E0}.Debug|Any CPU.Build.0 = Debug|Any CPU
		{724EBD22-59D2-4EFE-B3F5-1B83549C90E0}.Release|Any CPU.ActiveCfg = Release|Any CPU
		{724EBD22-59D2-4EFE-B3F5-1B83549C90E0}.Release|Any CPU.Build.0 = Release|Any CPU
		{F26F4792-1771-4E34-AF35-89AEC82FE7F7}.Debug|Any CPU.ActiveCfg = Debug|Any CPU
		{F26F4792-1771-4E34-AF35-89AEC82FE7F7}.Debug|Any CPU.Build.0 = Debug|Any CPU
		{F26F4792-1771-4E34-AF35-89AEC82FE7F7}.Release|Any CPU.ActiveCfg = Release|Any CPU
		{F26F4792-1771-4E34-AF35-89AEC82FE7F7}.Release|Any CPU.Build.0 = Release|Any CPU
	EndGlobalSection
	GlobalSection(SolutionProperties) = preSolution
		HideSolutionNode = FALSE
	EndGlobalSection
	GlobalSection(ExtensibilityGlobals) = postSolution
		SolutionGuid = {7DE75FE5-F29C-4A0C-BBD4-0E6E5C50C081}
	EndGlobalSection
EndGlobal
